
Microsoft Visual Studio Solution File, Format Version 12.00
# Visual Studio 14
VisualStudioVersion = 14.0.23107.0
MinimumVisualStudioVersion = 10.0.40219.1
Project("{FAE04EC0-301F-11D3-BF4B-00C04F79EFBC}") = "DesigntimeSourcecodeGenerator", "DesigntimeSourcecodeGenerator\DesigntimeSourcecodeGenerator.csproj", "{B0CDE13B-E2DF-4B66-A5A6-00EDFFEE158A}"
EndProject
Project("{FAE04EC0-301F-11D3-BF4B-00C04F79EFBC}") = "DesigntimeSourcecodeGenerator.Demo", "DesigntimeSourcecodeGenerator.Demo\DesigntimeSourcecodeGenerator.Demo.csproj", "{78AF7716-F844-49F9-982D-FC46A49D1434}"
EndProject
Project("{FAE04EC0-301F-11D3-BF4B-00C04F79EFBC}") = "Template", "Template\Template.csproj", "{42DB0153-AA11-4486-8AE3-03028A824E3A}"
EndProject
Project("{2150E333-8FDC-42A3-9474-1A3956D46DE8}") = "Lib", "Lib", "{CFC18001-12DB-4306-965C-82E3C68E2E2E}"
EndProject
Project("{2150E333-8FDC-42A3-9474-1A3956D46DE8}") = "Demo", "Demo", "{F9DA03CA-7634-4AA6-91CD-EC592E995722}"
EndProject
Project("{2150E333-8FDC-42A3-9474-1A3956D46DE8}") = "Test", "Test", "{CA9C90A9-A0E5-4532-83F8-F3B867A6858D}"
EndProject
Project("{FAE04EC0-301F-11D3-BF4B-00C04F79EFBC}") = "DesigntimeSourcecodeGeneratorTest", "DesigntimeSourcecodeGeneratorTest\DesigntimeSourcecodeGeneratorTest.csproj", "{159C063A-A4CF-42FD-830D-65909A398CC7}"
EndProject
Global
	GlobalSection(SolutionConfigurationPlatforms) = preSolution
		Debug|Any CPU = Debug|Any CPU
		Release|Any CPU = Release|Any CPU
	EndGlobalSection
	GlobalSection(ProjectConfigurationPlatforms) = postSolution
		{B0CDE13B-E2DF-4B66-A5A6-00EDFFEE158A}.Debug|Any CPU.ActiveCfg = Debug|Any CPU
		{B0CDE13B-E2DF-4B66-A5A6-00EDFFEE158A}.Debug|Any CPU.Build.0 = Debug|Any CPU
		{B0CDE13B-E2DF-4B66-A5A6-00EDFFEE158A}.Release|Any CPU.ActiveCfg = Release|Any CPU
		{B0CDE13B-E2DF-4B66-A5A6-00EDFFEE158A}.Release|Any CPU.Build.0 = Release|Any CPU
		{78AF7716-F844-49F9-982D-FC46A49D1434}.Debug|Any CPU.ActiveCfg = Debug|Any CPU
		{78AF7716-F844-49F9-982D-FC46A49D1434}.Debug|Any CPU.Build.0 = Debug|Any CPU
		{78AF7716-F844-49F9-982D-FC46A49D1434}.Release|Any CPU.ActiveCfg = Release|Any CPU
		{78AF7716-F844-49F9-982D-FC46A49D1434}.Release|Any CPU.Build.0 = Release|Any CPU
		{42DB0153-AA11-4486-8AE3-03028A824E3A}.Debug|Any CPU.ActiveCfg = Debug|Any CPU
		{42DB0153-AA11-4486-8AE3-03028A824E3A}.Debug|Any CPU.Build.0 = Debug|Any CPU
		{42DB0153-AA11-4486-8AE3-03028A824E3A}.Release|Any CPU.ActiveCfg = Release|Any CPU
		{42DB0153-AA11-4486-8AE3-03028A824E3A}.Release|Any CPU.Build.0 = Release|Any CPU
		{159C063A-A4CF-42FD-830D-65909A398CC7}.Debug|Any CPU.ActiveCfg = Debug|Any CPU
		{159C063A-A4CF-42FD-830D-65909A398CC7}.Debug|Any CPU.Build.0 = Debug|Any CPU
		{159C063A-A4CF-42FD-830D-65909A398CC7}.Release|Any CPU.ActiveCfg = Release|Any CPU
		{159C063A-A4CF-42FD-830D-65909A398CC7}.Release|Any CPU.Build.0 = Release|Any CPU
	EndGlobalSection
	GlobalSection(SolutionProperties) = preSolution
		HideSolutionNode = FALSE
	EndGlobalSection
	GlobalSection(NestedProjects) = preSolution
		{B0CDE13B-E2DF-4B66-A5A6-00EDFFEE158A} = {CFC18001-12DB-4306-965C-82E3C68E2E2E}
		{78AF7716-F844-49F9-982D-FC46A49D1434} = {F9DA03CA-7634-4AA6-91CD-EC592E995722}
		{42DB0153-AA11-4486-8AE3-03028A824E3A} = {F9DA03CA-7634-4AA6-91CD-EC592E995722}
		{159C063A-A4CF-42FD-830D-65909A398CC7} = {CA9C90A9-A0E5-4532-83F8-F3B867A6858D}
	EndGlobalSection
EndGlobal
